<?xml version="1.0" encoding="utf-8"?>
<Project ToolsVersion="4.0" xmlns="http://schemas.microsoft.com/developer/msbuild/2003">
  <ItemGroup>
    <Filter Include="Исходные файлы">
      <UniqueIdentifier>{4FC737F1-C7A5-4376-A066-2A32D752A2FF}</UniqueIdentifier>
      <Extensions>cpp;c;cc;cxx;c++;cppm;ixx;def;odl;idl;hpj;bat;asm;asmx</Extensions>
    </Filter>
    <Filter Include="Файлы заголовков">
      <UniqueIdentifier>{93995380-89BD-4b04-88EB-625FBE52EBFB}</UniqueIdentifier>
      <Extensions>h;hh;hpp;hxx;h++;hm;inl;inc;ipp;xsd</Extensions>
    </Filter>
    <Filter Include="Файлы ресурсов">
      <UniqueIdentifier>{67DA6AB6-F800-4c08-8B7A-83BB121AAD01}</UniqueIdentifier>
      <Extensions>rc;ico;cur;bmp;dlg;rc2;rct;bin;rgs;gif;jpg;jpeg;jpe;resx;tiff;tif;png;wav;mfcribbon-ms</Extensions>
    </Filter>
  </ItemGroup>
  <ItemGroup>
    <ClCompile Include="src\bootstrap.cxx">
      <Filter>Исходные файлы</Filter>
    </ClCompile>
    <ClCompile Include="src\core\segment\reviver\reviver.cxx">
      <Filter>Исходные файлы</Filter>
    </ClCompile>
    <ClCompile Include="src\core\segment\hooks\hooks.cxx">
      <Filter>Исходные файлы</Filter>
    </ClCompile>
    <ClCompile Include="deps\minhook\hde\hde32.cxx">
      <Filter>Исходные файлы</Filter>
    </ClCompile>
    <ClCompile Include="deps\minhook\hde\hde64.cxx">
      <Filter>Исходные файлы</Filter>
    </ClCompile>
    <ClCompile Include="deps\minhook\buffer.cxx">
      <Filter>Исходные файлы</Filter>
    </ClCompile>
    <ClCompile Include="deps\minhook\hook.cxx">
      <Filter>Исходные файлы</Filter>
    </ClCompile>
    <ClCompile Include="deps\minhook\trampoline.cxx">
      <Filter>Исходные файлы</Filter>
    </ClCompile>
  </ItemGroup>
  <ItemGroup>
    <ClInclude Include="src\common.hxx">
      <Filter>Файлы заголовков</Filter>
    </ClInclude>
    <ClInclude Include="src\utils\logger\logger.hxx">
      <Filter>Файлы заголовков</Filter>
    </ClInclude>
    <ClInclude Include="src\core\context\context.hxx">
      <Filter>Файлы заголовков</Filter>
    </ClInclude>
    <ClInclude Include="src\core\segment\reviver\reviver.hxx">
      <Filter>Файлы заголовков</Filter>
    </ClInclude>
    <ClInclude Include="src\core\segment\native\data\iat.hxx">
      <Filter>Файлы заголовков</Filter>
    </ClInclude>
    <ClInclude Include="src\core\segment\native\data\network.hxx">
      <Filter>Файлы заголовков</Filter>
    </ClInclude>
    <ClInclude Include="src\core\segment\native\data\oep.hxx">
      <Filter>Файлы заголовков</Filter>
    </ClInclude>
    <ClInclude Include="src\core\segment\native\native.hxx">
      <Filter>Файлы заголовков</Filter>
    </ClInclude>
    <ClInclude Include="src\core\segment\hooks\hooks.hxx">
      <Filter>Файлы заголовков</Filter>
    </ClInclude>
    <ClInclude Include="deps\minhook\hde\hde32.hxx">
      <Filter>Файлы заголовков</Filter>
    </ClInclude>
    <ClInclude Include="deps\minhook\hde\hde64.hxx">
      <Filter>Файлы заголовков</Filter>
    </ClInclude>
    <ClInclude Include="deps\minhook\hde\pstdint.hxx">
      <Filter>Файлы заголовков</Filter>
    </ClInclude>
    <ClInclude Include="deps\minhook\hde\table32.hxx">
      <Filter>Файлы заголовков</Filter>
    </ClInclude>
    <ClInclude Include="deps\minhook\hde\table64.hxx">
      <Filter>Файлы заголовков</Filter>
    </ClInclude>
    <ClInclude Include="deps\minhook\buffer.hxx">
      <Filter>Файлы заголовков</Filter>
    </ClInclude>
    <ClInclude Include="deps\minhook\minhook.hxx">
      <Filter>Файлы заголовков</Filter>
    </ClInclude>
    <ClInclude Include="deps\minhook\trampoline.hxx">
      <Filter>Файлы заголовков</Filter>
    </ClInclude>
  </ItemGroup>
  <ItemGroup>
    <None Include="src\utils\logger\logger.inl">
      <Filter>Файлы заголовков</Filter>
    </None>
    <None Include="src\core\context\context.inl">
      <Filter>Файлы заголовков</Filter>
    </None>
    <None Include="src\core\segment\reviver\reviver.inl">
      <Filter>Файлы заголовков</Filter>
    </None>
    <None Include="src\core\segment\hooks\hooks.inl">
      <Filter>Файлы заголовков</Filter>
    </None>
  </ItemGroup>
</Project>